<?xml version="1.0" encoding="UTF-8"?>
<!DOCTYPE plist PUBLIC "-//Apple//DTD PLIST 1.0//EN" "http://www.apple.com/DTDs/PropertyList-1.0.dtd">
<plist version="1.0">
<dict>
	<key>archiveVersion</key>
	<string>1</string>
	<key>classes</key>
	<dict/>
	<key>objectVersion</key>
	<string>77</string>
	<key>objects</key>
	<dict>
		<key>0381B5D43054E7B300E7B608</key>
		<dict>
			<key>children</key>
			<array>
				<string>0381B5E23054E7B300E7B608</string>
				<string>0381B60A3054E7B300E7B608</string>
				<string>0381B6143054E7B300E7B608</string>
				<string>0381B5E93054E7B300E7B608</string>
				<string>B70EF8F287B988A45022836E</string>
				<string>55281DF827C070F9F5173B95</string>
				<string>8FF389B75581511991FEBFED</string>
				<string>95392E63681EAB9790C9D80F</string>
				<string>0381B5E13054E7B300E7B608</string>
			</array>
			<key>isa</key>
			<string>PBXGroup</string>
			<key>sourceTree</key>
			<string>&lt;group&gt;</string>
		</dict>
		<key>0381B5D53054E7B300E7B608</key>
		<dict>
			<key>attributes</key>
			<dict>
				<key>BuildIndependentTargetsInParallel</key>
				<string>1</string>
				<key>LastSwiftUpdateCheck</key>
				<string>2660</string>
				<key>LastUpgradeCheck</key>
				<string>2660</string>
				<key>TargetAttributes</key>
				<dict>
					<key>0381B5E73054E7B300E7B608</key>
					<dict>
						<key>CreatedOnToolsVersion</key>
						<string>26.6</string>
					</dict>
					<key>0381B5F93054E7B300E7B608</key>
					<dict>
						<key>CreatedOnToolsVersion</key>
						<string>26.6</string>
					</dict>
					<key>0381B6053054E7B300E7B608</key>
					<dict>
						<key>CreatedOnToolsVersion</key>
						<string>26.6</string>
					</dict>
					<key>0381B60F3054E7B300E7B608</key>
					<dict>
						<key>CreatedOnToolsVersion</key>
						<string>26.6</string>
					</dict>
				</dict>
			</dict>
			<key>buildConfigurationList</key>
			<string>0381B5D83054E7B300E7B608</string>
			<key>developmentRegion</key>
			<string>en</string>
			<key>hasScannedForEncodings</key>
			<string>0</string>
			<key>isa</key>
			<string>PBXProject</string>
			<key>knownRegions</key>
			<array>
				<string>en</string>
				<string>Base</string>
			</array>
			<key>mainGroup</key>
			<string>0381B5D43054E7B300E7B608</string>
			<key>minimizedProjectReferenceProxies</key>
			<string>1</string>
			<key>preferredProjectObjectVersion</key>
			<string>77</string>
			<key>productRefGroup</key>
			<string>0381B5E93054E7B300E7B608</string>
			<key>projectDirPath</key>
			<string></string>
			<key>projectRoot</key>
			<string></string>
			<key>targets</key>
			<array>
				<string>0381B5E73054E7B300E7B608</string>
				<string>0381B5F93054E7B300E7B608</string>
				<string>0381B6053054E7B300E7B608</string>
				<string>0381B60F3054E7B300E7B608</string>
			</array>
		</dict>
		<key>0381B5D83054E7B300E7B608</key>
		<dict>
			<key>buildConfigurations</key>
			<array>
				<string>0381B6243054E7B300E7B608</string>
				<string>0381B6253054E7B300E7B608</string>
			</array>
			<key>defaultConfigurationIsVisible</key>
			<string>0</string>
			<key>defaultConfigurationName</key>
			<string>Release</string>
			<key>isa</key>
			<string>XCConfigurationList</string>
		</dict>
		<key>0381B5E13054E7B300E7B608</key>
		<dict>
			<key>isa</key>
			<string>PBXFileReference</string>
			<key>lastKnownFileType</key>
			<string>folder.assetcatalog</string>
			<key>path</key>
			<string>Assets.xcassets</string>
			<key>sourceTree</key>
			<string>SOURCE_ROOT</string>
		</dict>
		<key>0381B5E23054E7B300E7B608</key>
		<dict>
			<key>children</key>
			<array>
				<string>0381B6343054E7B300E7B608</string>
			</array>
			<key>isa</key>
			<string>PBXGroup</string>
			<key>name</key>
			<string>Extension resources</string>
			<key>sourceTree</key>
			<string>&lt;group&gt;</string>
		</dict>
		<key>0381B5E43054E7B300E7B608</key>
		<dict>
			<key>buildActionMask</key>
			<string>2147483647</string>
			<key>files</key>
			<array>
				<string>ED7A300310BA962F71DA4C55</string>
				<string>AFD0BA11C3029A26BDEE9D0D</string>
				<string>3B389BBFF61E4A6090337331</string>
			</array>
			<key>isa</key>
			<string>PBXSourcesBuildPhase</string>
			<key>runOnlyForDeploymentPostprocessing</key>
			<string>0</string>
		</dict>
		<key>0381B5E53054E7B300E7B608</key>
		<dict>
			<key>buildActionMask</key>
			<string>2147483647</string>
			<key>files</key>
			<array/>
			<key>isa</key>
			<string>PBXFrameworksBuildPhase</string>
			<key>runOnlyForDeploymentPostprocessing</key>
			<string>0</string>
		</dict>
		<key>0381B5E63054E7B300E7B608</key>
		<dict>
			<key>buildActionMask</key>
			<string>2147483647</string>
			<key>files</key>
			<array>
				<string>0381B6203054E7B300E7B608</string>
			</array>
			<key>isa</key>
			<string>PBXResourcesBuildPhase</string>
			<key>runOnlyForDeploymentPostprocessing</key>
			<string>0</string>
		</dict>
		<key>0381B5E73054E7B300E7B608</key>
		<dict>
			<key>buildConfigurationList</key>
			<string>0381B62A3054E7B300E7B608</string>
			<key>buildPhases</key>
			<array>
				<string>0381B5E43054E7B300E7B608</string>
				<string>0381B5E53054E7B300E7B608</string>
				<string>0381B5E63054E7B300E7B608</string>
				<string>0381B6293054E7B300E7B608</string>
			</array>
			<key>buildRules</key>
			<array/>
			<key>dependencies</key>
			<array>
				<string>0381B6093054E7B300E7B608</string>
			</array>
			<key>isa</key>
			<string>PBXNativeTarget</string>
			<key>name</key>
			<string>GobbyAnnotate (iOS)</string>
			<key>packageProductDependencies</key>
			<array/>
			<key>productName</key>
			<string>GobbyAnnotate (iOS)</string>
			<key>productReference</key>
			<string>0381B5E83054E7B300E7B608</string>
			<key>productType</key>
			<string>com.apple.product-type.application</string>
		</dict>
		<key>0381B5E83054E7B300E7B608</key>
		<dict>
			<key>explicitFileType</key>
			<string>wrapper.application</string>
			<key>includeInIndex</key>
			<string>0</string>
			<key>isa</key>
			<string>PBXFileReference</string>
			<key>path</key>
			<string>GobbyAnnotate.app</string>
			<key>sourceTree</key>
			<string>BUILT_PRODUCTS_DIR</string>
		</dict>
		<key>0381B5E93054E7B300E7B608</key>
		<dict>
			<key>children</key>
			<array>
				<string>0381B5E83054E7B300E7B608</string>
				<string>0381B5FA3054E7B300E7B608</string>
				<string>0381B6063054E7B300E7B608</string>
				<string>0381B6103054E7B300E7B608</string>
			</array>
			<key>isa</key>
			<string>PBXGroup</string>
			<key>name</key>
			<string>Products</string>
			<key>sourceTree</key>
			<string>&lt;group&gt;</string>
		</dict>
		<key>0381B5F63054E7B300E7B608</key>
		<dict>
			<key>buildActionMask</key>
			<string>2147483647</string>
			<key>files</key>
			<array>
				<string>349065582E7B8A9CA4176287</string>
				<string>8A2BE195A6657C4FC02532B5</string>
				<string>8C3931E92BBC2E800D5F6E4E</string>
			</array>
			<key>isa</key>
			<string>PBXSourcesBuildPhase</string>
			<key>runOnlyForDeploymentPostprocessing</key>
			<string>0</string>
		</dict>
		<key>0381B5F73054E7B300E7B608</key>
		<dict>
			<key>buildActionMask</key>
			<string>2147483647</string>
			<key>files</key>
			<array/>
			<key>isa</key>
			<string>PBXFrameworksBuildPhase</string>
			<key>runOnlyForDeploymentPostprocessing</key>
			<string>0</string>
		</dict>
		<key>0381B5F83054E7B300E7B608</key>
		<dict>
			<key>buildActionMask</key>
			<string>2147483647</string>
			<key>files</key>
			<array>
				<string>0381B6213054E7B300E7B608</string>
			</array>
			<key>isa</key>
			<string>PBXResourcesBuildPhase</string>
			<key>runOnlyForDeploymentPostprocessing</key>
			<string>0</string>
		</dict>
		<key>0381B5F93054E7B300E7B608</key>
		<dict>
			<key>buildConfigurationList</key>
			<string>0381B6313054E7B300E7B608</string>
			<key>buildPhases</key>
			<array>
				<string>0381B5F63054E7B300E7B608</string>
				<string>0381B5F73054E7B300E7B608</string>
				<string>0381B5F83054E7B300E7B608</string>
				<string>0381B6303054E7B300E7B608</string>
			</array>
			<key>buildRules</key>
			<array/>
			<key>dependencies</key>
			<array>
				<string>0381B6133054E7B300E7B608</string>
			</array>
			<key>isa</key>
			<string>PBXNativeTarget</string>
			<key>name</key>
			<string>GobbyAnnotate (macOS)</string>
			<key>packageProductDependencies</key>
			<array/>
			<key>productName</key>
			<string>GobbyAnnotate (macOS)</string>
			<key>productReference</key>
			<string>0381B5FA3054E7B300E7B608</string>
			<key>productType</key>
			<string>com.apple.product-type.application</string>
		</dict>
		<key>0381B5FA3054E7B300E7B608</key>
		<dict>
			<key>explicitFileType</key>
			<string>wrapper.application</string>
			<key>includeInIndex</key>
			<string>0</string>
			<key>isa</key>
			<string>PBXFileReference</string>
			<key>path</key>
			<string>GobbyAnnotate.app</string>
			<key>sourceTree</key>
			<string>BUILT_PRODUCTS_DIR</string>
		</dict>
		<key>0381B6023054E7B300E7B608</key>
		<dict>
			<key>buildActionMask</key>
			<string>2147483647</string>
			<key>files</key>
			<array>
				<string>D297A19D6DC8DBE5B94CC513</string>
				<string>EAC7AF4D82233576B9F74D02</string>
			</array>
			<key>isa</key>
			<string>PBXSourcesBuildPhase</string>
			<key>runOnlyForDeploymentPostprocessing</key>
			<string>0</string>
		</dict>
		<key>0381B6033054E7B300E7B608</key>
		<dict>
			<key>buildActionMask</key>
			<string>2147483647</string>
			<key>files</key>
			<array/>
			<key>isa</key>
			<string>PBXFrameworksBuildPhase</string>
			<key>runOnlyForDeploymentPostprocessing</key>
			<string>0</string>
		</dict>
		<key>0381B6043054E7B300E7B608</key>
		<dict>
			<key>buildActionMask</key>
			<string>2147483647</string>
			<key>files</key>
			<array>
				<string>0381B6443054E7B300E7B608</string>
				<string>0381B6423054E7B300E7B608</string>
				<string>0381B6413054E7B300E7B608</string>
				<string>0381B6463054E7B300E7B608</string>
				<string>0381B6433054E7B300E7B608</string>
				<string>0381B6453054E7B300E7B608</string>
				<string>45FF545EA630E306E41F44BC</string>
			</array>
			<key>isa</key>
			<string>PBXResourcesBuildPhase</string>
			<key>runOnlyForDeploymentPostprocessing</key>
			<string>0</string>
		</dict>
		<key>0381B6053054E7B300E7B608</key>
		<dict>
			<key>buildConfigurationList</key>
			<string>0381B6263054E7B300E7B608</string>
			<key>buildPhases</key>
			<array>
				<string>0381B6023054E7B300E7B608</string>
				<string>0381B6033054E7B300E7B608</string>
				<string>0381B6043054E7B300E7B608</string>
			</array>
			<key>buildRules</key>
			<array/>
			<key>dependencies</key>
			<array/>
			<key>isa</key>
			<string>PBXNativeTarget</string>
			<key>name</key>
			<string>GobbyAnnotate Extension (iOS)</string>
			<key>packageProductDependencies</key>
			<array/>
			<key>productName</key>
			<string>GobbyAnnotate Extension (iOS)</string>
			<key>productReference</key>
			<string>0381B6063054E7B300E7B608</string>
			<key>productType</key>
			<string>com.apple.product-type.app-extension</string>
		</dict>
		<key>0381B6063054E7B300E7B608</key>
		<dict>
			<key>explicitFileType</key>
			<string>wrapper.app-extension</string>
			<key>includeInIndex</key>
			<string>0</string>
			<key>isa</key>
			<string>PBXFileReference</string>
			<key>path</key>
			<string>GobbyAnnotate Extension.appex</string>
			<key>sourceTree</key>
			<string>BUILT_PRODUCTS_DIR</string>
		</dict>
		<key>0381B6073054E7B300E7B608</key>
		<dict>
			<key>fileRef</key>
			<string>0381B6063054E7B300E7B608</string>
			<key>isa</key>
			<string>PBXBuildFile</string>
			<key>settings</key>
			<dict>
				<key>ATTRIBUTES</key>
				<array>
					<string>RemoveHeadersOnCopy</string>
				</array>
			</dict>
		</dict>
		<key>0381B6083054E7B300E7B608</key>
		<dict>
			<key>containerPortal</key>
			<string>0381B5D53054E7B300E7B608</string>
			<key>isa</key>
			<string>PBXContainerItemProxy</string>
			<key>proxyType</key>
			<string>1</string>
			<key>remoteGlobalIDString</key>
			<string>0381B6053054E7B300E7B608</string>
			<key>remoteInfo</key>
			<string>GobbyAnnotate Extension (iOS)</string>
		</dict>
		<key>0381B6093054E7B300E7B608</key>
		<dict>
			<key>isa</key>
			<string>PBXTargetDependency</string>
			<key>target</key>
			<string>0381B6053054E7B300E7B608</string>
			<key>targetProxy</key>
			<string>0381B6083054E7B300E7B608</string>
		</dict>
		<key>0381B60A3054E7B300E7B608</key>
		<dict>
			<key>children</key>
			<array>
				<string>0381B60B3054E7B300E7B608</string>
			</array>
			<key>isa</key>
			<string>PBXGroup</string>
			<key>path</key>
			<string>iOS (Extension)</string>
			<key>sourceTree</key>
			<string>&lt;group&gt;</string>
		</dict>
		<key>0381B60B3054E7B300E7B608</key>
		<dict>
			<key>isa</key>
			<string>PBXFileReference</string>
			<key>lastKnownFileType</key>
			<string>text.plist.xml</string>
			<key>path</key>
			<string>Info.plist</string>
			<key>sourceTree</key>
			<string>&lt;group&gt;</string>
		</dict>
		<key>0381B60C3054E7B300E7B608</key>
		<dict>
			<key>buildActionMask</key>
			<string>2147483647</string>
			<key>files</key>
			<array>
				<string>EB442A77C4CF4D0A748395C4</string>
				<string>23D8B9BF79888657C364E915</string>
			</array>
			<key>isa</key>
			<string>PBXSourcesBuildPhase</string>
			<key>runOnlyForDeploymentPostprocessing</key>
			<string>0</string>
		</dict>
		<key>0381B60D3054E7B300E7B608</key>
		<dict>
			<key>buildActionMask</key>
			<string>2147483647</string>
			<key>files</key>
			<array/>
			<key>isa</key>
			<string>PBXFrameworksBuildPhase</string>
			<key>runOnlyForDeploymentPostprocessing</key>
			<string>0</string>
		</dict>
		<key>0381B60E3054E7B300E7B608</key>
		<dict>
			<key>buildActionMask</key>
			<string>2147483647</string>
			<key>files</key>
			<array>
				<string>0381B63E3054E7B300E7B608</string>
				<string>0381B63C3054E7B300E7B608</string>
				<string>0381B63B3054E7B300E7B608</string>
				<string>0381B6403054E7B300E7B608</string>
				<string>0381B63D3054E7B300E7B608</string>
				<string>0381B63F3054E7B300E7B608</string>
				<string>B0D31CFAF1103F1E764DE0F3</string>
			</array>
			<key>isa</key>
			<string>PBXResourcesBuildPhase</string>
			<key>runOnlyForDeploymentPostprocessing</key>
			<string>0</string>
		</dict>
		<key>0381B60F3054E7B300E7B608</key>
		<dict>
			<key>buildConfigurationList</key>
			<string>0381B62D3054E7B300E7B608</string>
			<key>buildPhases</key>
			<array>
				<string>0381B60C3054E7B300E7B608</string>
				<string>0381B60D3054E7B300E7B608</string>
				<string>0381B60E3054E7B300E7B608</string>
			</array>
			<key>buildRules</key>
			<array/>
			<key>dependencies</key>
			<array/>
			<key>isa</key>
			<string>PBXNativeTarget</string>
			<key>name</key>
			<string>GobbyAnnotate Extension (macOS)</string>
			<key>packageProductDependencies</key>
			<array/>
			<key>productName</key>
			<string>GobbyAnnotate Extension (macOS)</string>
			<key>productReference</key>
			<string>0381B6103054E7B300E7B608</string>
			<key>productType</key>
			<string>com.apple.product-type.app-extension</string>
		</dict>
		<key>0381B6103054E7B300E7B608</key>
		<dict>
			<key>explicitFileType</key>
			<string>wrapper.app-extension</string>
			<key>includeInIndex</key>
			<string>0</string>
			<key>isa</key>
			<string>PBXFileReference</string>
			<key>path</key>
			<string>GobbyAnnotate Extension.appex</string>
			<key>sourceTree</key>
			<string>BUILT_PRODUCTS_DIR</string>
		</dict>
		<key>0381B6113054E7B300E7B608</key>
		<dict>
			<key>fileRef</key>
			<string>0381B6103054E7B300E7B608</string>
			<key>isa</key>
			<string>PBXBuildFile</string>
			<key>settings</key>
			<dict>
				<key>ATTRIBUTES</key>
				<array>
					<string>RemoveHeadersOnCopy</string>
				</array>
			</dict>
		</dict>
		<key>0381B6123054E7B300E7B608</key>
		<dict>
			<key>containerPortal</key>
			<string>0381B5D53054E7B300E7B608</string>
			<key>isa</key>
			<string>PBXContainerItemProxy</string>
			<key>proxyType</key>
			<string>1</string>
			<key>remoteGlobalIDString</key>
			<string>0381B60F3054E7B300E7B608</string>
			<key>remoteInfo</key>
			<string>GobbyAnnotate Extension (macOS)</string>
		</dict>
		<key>0381B6133054E7B300E7B608</key>
		<dict>
			<key>isa</key>
			<string>PBXTargetDependency</string>
			<key>target</key>
			<string>0381B60F3054E7B300E7B608</string>
			<key>targetProxy</key>
			<string>0381B6123054E7B300E7B608</string>
		</dict>
		<key>0381B6143054E7B300E7B608</key>
		<dict>
			<key>children</key>
			<array>
				<string>0381B6153054E7B300E7B608</string>
			</array>
			<key>isa</key>
			<string>PBXGroup</string>
			<key>path</key>
			<string>macOS (Extension)</string>
			<key>sourceTree</key>
			<string>&lt;group&gt;</string>
		</dict>
		<key>0381B6153054E7B300E7B608</key>
		<dict>
			<key>isa</key>
			<string>PBXFileReference</string>
			<key>lastKnownFileType</key>
			<string>text.plist.xml</string>
			<key>path</key>
			<string>Info.plist</string>
			<key>sourceTree</key>
			<string>&lt;group&gt;</string>
		</dict>
		<key>0381B6203054E7B300E7B608</key>
		<dict>
			<key>fileRef</key>
			<string>0381B5E13054E7B300E7B608</string>
			<key>isa</key>
			<string>PBXBuildFile</string>
		</dict>
		<key>0381B6213054E7B300E7B608</key>
		<dict>
			<key>fileRef</key>
			<string>0381B5E13054E7B300E7B608</string>
			<key>isa</key>
			<string>PBXBuildFile</string>
		</dict>
		<key>0381B6243054E7B300E7B608</key>
		<dict>
			<key>buildSettings</key>
			<dict>
				<key>ALWAYS_SEARCH_USER_PATHS</key>
				<string>NO</string>
				<key>ASSETCATALOG_COMPILER_GENERATE_SWIFT_ASSET_SYMBOL_EXTENSIONS</key>
				<string>YES</string>
				<key>CLANG_ANALYZER_NONNULL</key>
				<string>YES</string>
				<key>CLANG_ANALYZER_NUMBER_OBJECT_CONVERSION</key>
				<string>YES_AGGRESSIVE</string>
				<key>CLANG_CXX_LANGUAGE_STANDARD</key>
				<string>gnu++20</string>
				<key>CLANG_ENABLE_MODULES</key>
				<string>YES</string>
				<key>CLANG_ENABLE_OBJC_ARC</key>
				<string>YES</string>
				<key>CLANG_ENABLE_OBJC_WEAK</key>
				<string>YES</string>
				<key>CLANG_WARN_BLOCK_CAPTURE_AUTORELEASING</key>
				<string>YES</string>
				<key>CLANG_WARN_BOOL_CONVERSION</key>
				<string>YES</string>
				<key>CLANG_WARN_COMMA</key>
				<string>YES</string>
				<key>CLANG_WARN_CONSTANT_CONVERSION</key>
				<string>YES</string>
				<key>CLANG_WARN_DEPRECATED_OBJC_IMPLEMENTATIONS</key>
				<string>YES</string>
				<key>CLANG_WARN_DIRECT_OBJC_ISA_USAGE</key>
				<string>YES_ERROR</string>
				<key>CLANG_WARN_DOCUMENTATION_COMMENTS</key>
				<string>YES</string>
				<key>CLANG_WARN_EMPTY_BODY</key>
				<string>YES</string>
				<key>CLANG_WARN_ENUM_CONVERSION</key>
				<string>YES</string>
				<key>CLANG_WARN_INFINITE_RECURSION</key>
				<string>YES</string>
				<key>CLANG_WARN_INT_CONVERSION</key>
				<string>YES</string>
				<key>CLANG_WARN_NON_LITERAL_NULL_CONVERSION</key>
				<string>YES</string>
				<key>CLANG_WARN_OBJC_IMPLICIT_RETAIN_SELF</key>
				<string>YES</string>
				<key>CLANG_WARN_OBJC_LITERAL_CONVERSION</key>
				<string>YES</string>
				<key>CLANG_WARN_OBJC_ROOT_CLASS</key>
				<string>YES_ERROR</string>
				<key>CLANG_WARN_QUOTED_INCLUDE_IN_FRAMEWORK_HEADER</key>
				<string>YES</string>
				<key>CLANG_WARN_RANGE_LOOP_ANALYSIS</key>
				<string>YES</string>
				<key>CLANG_WARN_STRICT_PROTOTYPES</key>
				<string>YES</string>
				<key>CLANG_WARN_SUSPICIOUS_MOVE</key>
				<string>YES</string>
				<key>CLANG_WARN_UNGUARDED_AVAILABILITY</key>
				<string>YES_AGGRESSIVE</string>
				<key>CLANG_WARN_UNREACHABLE_CODE</key>
				<string>YES</string>
				<key>CLANG_WARN__DUPLICATE_METHOD_MATCH</key>
				<string>YES</string>
				<key>COPY_PHASE_STRIP</key>
				<string>NO</string>
				<key>DEBUG_INFORMATION_FORMAT</key>
				<string>dwarf</string>
				<key>ENABLE_STRICT_OBJC_MSGSEND</key>
				<string>YES</string>
				<key>ENABLE_TESTABILITY</key>
				<string>YES</string>
				<key>ENABLE_USER_SCRIPT_SANDBOXING</key>
				<string>YES</string>
				<key>GCC_C_LANGUAGE_STANDARD</key>
				<string>gnu17</string>
				<key>GCC_DYNAMIC_NO_PIC</key>
				<string>NO</string>
				<key>GCC_NO_COMMON_BLOCKS</key>
				<string>YES</string>
				<key>GCC_OPTIMIZATION_LEVEL</key>
				<string>0</string>
				<key>GCC_PREPROCESSOR_DEFINITIONS</key>
				<array>
					<string>DEBUG=1</string>
					<string>$(inherited)</string>
				</array>
				<key>GCC_WARN_64_TO_32_BIT_CONVERSION</key>
				<string>YES</string>
				<key>GCC_WARN_ABOUT_RETURN_TYPE</key>
				<string>YES_ERROR</string>
				<key>GCC_WARN_UNDECLARED_SELECTOR</key>
				<string>YES</string>
				<key>GCC_WARN_UNINITIALIZED_AUTOS</key>
				<string>YES_AGGRESSIVE</string>
				<key>GCC_WARN_UNUSED_FUNCTION</key>
				<string>YES</string>
				<key>GCC_WARN_UNUSED_VARIABLE</key>
				<string>YES</string>
				<key>LOCALIZATION_PREFERS_STRING_CATALOGS</key>
				<string>YES</string>
				<key>MTL_ENABLE_DEBUG_INFO</key>
				<string>INCLUDE_SOURCE</string>
				<key>MTL_FAST_MATH</key>
				<string>YES</string>
				<key>ONLY_ACTIVE_ARCH</key>
				<string>YES</string>
				<key>SWIFT_ACTIVE_COMPILATION_CONDITIONS</key>
				<string>DEBUG $(inherited)</string>
				<key>SWIFT_OPTIMIZATION_LEVEL</key>
				<string>-Onone</string>
			</dict>
			<key>isa</key>
			<string>XCBuildConfiguration</string>
			<key>name</key>
			<string>Debug</string>
		</dict>
		<key>0381B6253054E7B300E7B608</key>
		<dict>
			<key>buildSettings</key>
			<dict>
				<key>ALWAYS_SEARCH_USER_PATHS</key>
				<string>NO</string>
				<key>ASSETCATALOG_COMPILER_GENERATE_SWIFT_ASSET_SYMBOL_EXTENSIONS</key>
				<string>YES</string>
				<key>CLANG_ANALYZER_NONNULL</key>
				<string>YES</string>
				<key>CLANG_ANALYZER_NUMBER_OBJECT_CONVERSION</key>
				<string>YES_AGGRESSIVE</string>
				<key>CLANG_CXX_LANGUAGE_STANDARD</key>
				<string>gnu++20</string>
				<key>CLANG_ENABLE_MODULES</key>
				<string>YES</string>
				<key>CLANG_ENABLE_OBJC_ARC</key>
				<string>YES</string>
				<key>CLANG_ENABLE_OBJC_WEAK</key>
				<string>YES</string>
				<key>CLANG_WARN_BLOCK_CAPTURE_AUTORELEASING</key>
				<string>YES</string>
				<key>CLANG_WARN_BOOL_CONVERSION</key>
				<string>YES</string>
				<key>CLANG_WARN_COMMA</key>
				<string>YES</string>
				<key>CLANG_WARN_CONSTANT_CONVERSION</key>
				<string>YES</string>
				<key>CLANG_WARN_DEPRECATED_OBJC_IMPLEMENTATIONS</key>
				<string>YES</string>
				<key>CLANG_WARN_DIRECT_OBJC_ISA_USAGE</key>
				<string>YES_ERROR</string>
				<key>CLANG_WARN_DOCUMENTATION_COMMENTS</key>
				<string>YES</string>
				<key>CLANG_WARN_EMPTY_BODY</key>
				<string>YES</string>
				<key>CLANG_WARN_ENUM_CONVERSION</key>
				<string>YES</string>
				<key>CLANG_WARN_INFINITE_RECURSION</key>
				<string>YES</string>
				<key>CLANG_WARN_INT_CONVERSION</key>
				<string>YES</string>
				<key>CLANG_WARN_NON_LITERAL_NULL_CONVERSION</key>
				<string>YES</string>
				<key>CLANG_WARN_OBJC_IMPLICIT_RETAIN_SELF</key>
				<string>YES</string>
				<key>CLANG_WARN_OBJC_LITERAL_CONVERSION</key>
				<string>YES</string>
				<key>CLANG_WARN_OBJC_ROOT_CLASS</key>
				<string>YES_ERROR</string>
				<key>CLANG_WARN_QUOTED_INCLUDE_IN_FRAMEWORK_HEADER</key>
				<string>YES</string>
				<key>CLANG_WARN_RANGE_LOOP_ANALYSIS</key>
				<string>YES</string>
				<key>CLANG_WARN_STRICT_PROTOTYPES</key>
				<string>YES</string>
				<key>CLANG_WARN_SUSPICIOUS_MOVE</key>
				<string>YES</string>
				<key>CLANG_WARN_UNGUARDED_AVAILABILITY</key>
				<string>YES_AGGRESSIVE</string>
				<key>CLANG_WARN_UNREACHABLE_CODE</key>
				<string>YES</string>
				<key>CLANG_WARN__DUPLICATE_METHOD_MATCH</key>
				<string>YES</string>
				<key>COPY_PHASE_STRIP</key>
				<string>NO</string>
				<key>DEBUG_INFORMATION_FORMAT</key>
				<string>dwarf-with-dsym</string>
				<key>ENABLE_NS_ASSERTIONS</key>
				<string>NO</string>
				<key>ENABLE_STRICT_OBJC_MSGSEND</key>
				<string>YES</string>
				<key>ENABLE_USER_SCRIPT_SANDBOXING</key>
				<string>YES</string>
				<key>GCC_C_LANGUAGE_STANDARD</key>
				<string>gnu17</string>
				<key>GCC_NO_COMMON_BLOCKS</key>
				<string>YES</string>
				<key>GCC_WARN_64_TO_32_BIT_CONVERSION</key>
				<string>YES</string>
				<key>GCC_WARN_ABOUT_RETURN_TYPE</key>
				<string>YES_ERROR</string>
				<key>GCC_WARN_UNDECLARED_SELECTOR</key>
				<string>YES</string>
				<key>GCC_WARN_UNINITIALIZED_AUTOS</key>
				<string>YES_AGGRESSIVE</string>
				<key>GCC_WARN_UNUSED_FUNCTION</key>
				<string>YES</string>
				<key>GCC_WARN_UNUSED_VARIABLE</key>
				<string>YES</string>
				<key>LOCALIZATION_PREFERS_STRING_CATALOGS</key>
				<string>YES</string>
				<key>MTL_ENABLE_DEBUG_INFO</key>
				<string>NO</string>
				<key>MTL_FAST_MATH</key>
				<string>YES</string>
				<key>SWIFT_COMPILATION_MODE</key>
				<string>wholemodule</string>
			</dict>
			<key>isa</key>
			<string>XCBuildConfiguration</string>
			<key>name</key>
			<string>Release</string>
		</dict>
		<key>0381B6263054E7B300E7B608</key>
		<dict>
			<key>buildConfigurations</key>
			<array>
				<string>0381B6273054E7B300E7B608</string>
				<string>0381B6283054E7B300E7B608</string>
			</array>
			<key>defaultConfigurationIsVisible</key>
			<string>0</string>
			<key>defaultConfigurationName</key>
			<string>Release</string>
			<key>isa</key>
			<string>XCConfigurationList</string>
		</dict>
		<key>0381B6273054E7B300E7B608</key>
		<dict>
			<key>buildSettings</key>
			<dict>
				<key>CODE_SIGN_ENTITLEMENTS</key>
				<string>GobbyAnnotate.entitlements</string>
				<key>CODE_SIGN_STYLE</key>
				<string>Automatic</string>
				<key>CURRENT_PROJECT_VERSION</key>
				<string>1</string>
				<key>GENERATE_INFOPLIST_FILE</key>
				<string>YES</string>
				<key>INFOPLIST_FILE</key>
				<string>iOS (Extension)/Info.plist</string>
				<key>INFOPLIST_KEY_CFBundleDisplayName</key>
				<string>GobbyAnnotate Extension</string>
				<key>INFOPLIST_KEY_NSHumanReadableCopyright</key>
				<string></string>
				<key>IPHONEOS_DEPLOYMENT_TARGET</key>
				<string>17.0</string>
				<key>LD_RUNPATH_SEARCH_PATHS</key>
				<array>
					<string>$(inherited)</string>
					<string>@executable_path/Frameworks</string>
					<string>@executable_path/../../Frameworks</string>
				</array>
				<key>MACOSX_DEPLOYMENT_TARGET</key>
				<string>14.0</string>
				<key>MARKETING_VERSION</key>
				<string>1.0</string>
				<key>OTHER_LDFLAGS</key>
				<array>
					<string>-framework</string>
					<string>SafariServices</string>
				</array>
				<key>PRODUCT_BUNDLE_IDENTIFIER</key>
				<string>ai.gobby.annotate.Extension</string>
				<key>PRODUCT_NAME</key>
				<string>GobbyAnnotate Extension</string>
				<key>SDKROOT</key>
				<string>iphoneos</string>
				<key>SKIP_INSTALL</key>
				<string>YES</string>
				<key>STRING_CATALOG_GENERATE_SYMBOLS</key>
				<string>YES</string>
				<key>SUPPORTED_PLATFORMS</key>
				<string>iphoneos iphonesimulator</string>
				<key>SWIFT_APPROACHABLE_CONCURRENCY</key>
				<string>YES</string>
				<key>SWIFT_EMIT_LOC_STRINGS</key>
				<string>YES</string>
				<key>SWIFT_UPCOMING_FEATURE_MEMBER_IMPORT_VISIBILITY</key>
				<string>YES</string>
				<key>SWIFT_VERSION</key>
				<string>5.0</string>
				<key>TARGETED_DEVICE_FAMILY</key>
				<string>1,2</string>
			</dict>
			<key>isa</key>
			<string>XCBuildConfiguration</string>
			<key>name</key>
			<string>Debug</string>
		</dict>
		<key>0381B6283054E7B300E7B608</key>
		<dict>
			<key>buildSettings</key>
			<dict>
				<key>CODE_SIGN_ENTITLEMENTS</key>
				<string>GobbyAnnotate.entitlements</string>
				<key>CODE_SIGN_STYLE</key>
				<string>Automatic</string>
				<key>CURRENT_PROJECT_VERSION</key>
				<string>1</string>
				<key>GENERATE_INFOPLIST_FILE</key>
				<string>YES</string>
				<key>INFOPLIST_FILE</key>
				<string>iOS (Extension)/Info.plist</string>
				<key>INFOPLIST_KEY_CFBundleDisplayName</key>
				<string>GobbyAnnotate Extension</string>
				<key>INFOPLIST_KEY_NSHumanReadableCopyright</key>
				<string></string>
				<key>IPHONEOS_DEPLOYMENT_TARGET</key>
				<string>17.0</string>
				<key>LD_RUNPATH_SEARCH_PATHS</key>
				<array>
					<string>$(inherited)</string>
					<string>@executable_path/Frameworks</string>
					<string>@executable_path/../../Frameworks</string>
				</array>
				<key>MACOSX_DEPLOYMENT_TARGET</key>
				<string>14.0</string>
				<key>MARKETING_VERSION</key>
				<string>1.0</string>
				<key>OTHER_LDFLAGS</key>
				<array>
					<string>-framework</string>
					<string>SafariServices</string>
				</array>
				<key>PRODUCT_BUNDLE_IDENTIFIER</key>
				<string>ai.gobby.annotate.Extension</string>
				<key>PRODUCT_NAME</key>
				<string>GobbyAnnotate Extension</string>
				<key>SDKROOT</key>
				<string>iphoneos</string>
				<key>SKIP_INSTALL</key>
				<string>YES</string>
				<key>STRING_CATALOG_GENERATE_SYMBOLS</key>
				<string>YES</string>
				<key>SUPPORTED_PLATFORMS</key>
				<string>iphoneos iphonesimulator</string>
				<key>SWIFT_APPROACHABLE_CONCURRENCY</key>
				<string>YES</string>
				<key>SWIFT_EMIT_LOC_STRINGS</key>
				<string>YES</string>
				<key>SWIFT_UPCOMING_FEATURE_MEMBER_IMPORT_VISIBILITY</key>
				<string>YES</string>
				<key>SWIFT_VERSION</key>
				<string>5.0</string>
				<key>TARGETED_DEVICE_FAMILY</key>
				<string>1,2</string>
				<key>VALIDATE_PRODUCT</key>
				<string>YES</string>
			</dict>
			<key>isa</key>
			<string>XCBuildConfiguration</string>
			<key>name</key>
			<string>Release</string>
		</dict>
		<key>0381B6293054E7B300E7B608</key>
		<dict>
			<key>buildActionMask</key>
			<string>2147483647</string>
			<key>dstPath</key>
			<string></string>
			<key>dstSubfolderSpec</key>
			<string>13</string>
			<key>files</key>
			<array>
				<string>0381B6073054E7B300E7B608</string>
			</array>
			<key>isa</key>
			<string>PBXCopyFilesBuildPhase</string>
			<key>name</key>
			<string>Embed Foundation Extensions</string>
			<key>runOnlyForDeploymentPostprocessing</key>
			<string>0</string>
		</dict>
		<key>0381B62A3054E7B300E7B608</key>
		<dict>
			<key>buildConfigurations</key>
			<array>
				<string>0381B62B3054E7B300E7B608</string>
				<string>0381B62C3054E7B300E7B608</string>
			</array>
			<key>defaultConfigurationIsVisible</key>
			<string>0</string>
			<key>defaultConfigurationName</key>
			<string>Release</string>
			<key>isa</key>
			<string>XCConfigurationList</string>
		</dict>
		<key>0381B62B3054E7B300E7B608</key>
		<dict>
			<key>buildSettings</key>
			<dict>
				<key>ASSETCATALOG_COMPILER_APPICON_NAME</key>
				<string>AppIcon</string>
				<key>ASSETCATALOG_COMPILER_GLOBAL_ACCENT_COLOR_NAME</key>
				<string>AccentColor</string>
				<key>CODE_SIGN_ENTITLEMENTS</key>
				<string>GobbyAnnotate.entitlements</string>
				<key>CODE_SIGN_STYLE</key>
				<string>Automatic</string>
				<key>CURRENT_PROJECT_VERSION</key>
				<string>1</string>
				<key>GENERATE_INFOPLIST_FILE</key>
				<string>YES</string>
				<key>INFOPLIST_FILE</key>
				<string>Info.plist</string>
				<key>INFOPLIST_KEY_CFBundleDisplayName</key>
				<string>GobbyAnnotate</string>
				<key>INFOPLIST_KEY_UIApplicationSceneManifest_Generation</key>
				<string>YES</string>
				<key>INFOPLIST_KEY_UIApplicationSupportsIndirectInputEvents</key>
				<string>YES</string>
				<key>INFOPLIST_KEY_UISupportedInterfaceOrientations</key>
				<string>UIInterfaceOrientationPortrait UIInterfaceOrientationLandscapeLeft UIInterfaceOrientationLandscapeRight</string>
				<key>INFOPLIST_KEY_UISupportedInterfaceOrientations_iPad</key>
				<string>UIInterfaceOrientationPortrait UIInterfaceOrientationPortraitUpsideDown UIInterfaceOrientationLandscapeLeft UIInterfaceOrientationLandscapeRight</string>
				<key>IPHONEOS_DEPLOYMENT_TARGET</key>
				<string>17.0</string>
				<key>LD_RUNPATH_SEARCH_PATHS</key>
				<array>
					<string>$(inherited)</string>
					<string>@executable_path/Frameworks</string>
				</array>
				<key>MACOSX_DEPLOYMENT_TARGET</key>
				<string>14.0</string>
				<key>MARKETING_VERSION</key>
				<string>1.0</string>
				<key>OTHER_LDFLAGS</key>
				<array>
					<string>-framework</string>
					<string>SafariServices</string>
					<string>-framework</string>
					<string>WebKit</string>
				</array>
				<key>PRODUCT_BUNDLE_IDENTIFIER</key>
				<string>ai.gobby.annotate</string>
				<key>PRODUCT_NAME</key>
				<string>GobbyAnnotate</string>
				<key>SDKROOT</key>
				<string>iphoneos</string>
				<key>STRING_CATALOG_GENERATE_SYMBOLS</key>
				<string>YES</string>
				<key>SUPPORTED_PLATFORMS</key>
				<string>iphoneos iphonesimulator</string>
				<key>SWIFT_APPROACHABLE_CONCURRENCY</key>
				<string>YES</string>
				<key>SWIFT_DEFAULT_ACTOR_ISOLATION</key>
				<string>MainActor</string>
				<key>SWIFT_EMIT_LOC_STRINGS</key>
				<string>YES</string>
				<key>SWIFT_UPCOMING_FEATURE_MEMBER_IMPORT_VISIBILITY</key>
				<string>YES</string>
				<key>SWIFT_VERSION</key>
				<string>5.0</string>
				<key>TARGETED_DEVICE_FAMILY</key>
				<string>1,2</string>
			</dict>
			<key>isa</key>
			<string>XCBuildConfiguration</string>
			<key>name</key>
			<string>Debug</string>
		</dict>
		<key>0381B62C3054E7B300E7B608</key>
		<dict>
			<key>buildSettings</key>
			<dict>
				<key>ASSETCATALOG_COMPILER_APPICON_NAME</key>
				<string>AppIcon</string>
				<key>ASSETCATALOG_COMPILER_GLOBAL_ACCENT_COLOR_NAME</key>
				<string>AccentColor</string>
				<key>CODE_SIGN_ENTITLEMENTS</key>
				<string>GobbyAnnotate.entitlements</string>
				<key>CODE_SIGN_STYLE</key>
				<string>Automatic</string>
				<key>CURRENT_PROJECT_VERSION</key>
				<string>1</string>
				<key>GENERATE_INFOPLIST_FILE</key>
				<string>YES</string>
				<key>INFOPLIST_FILE</key>
				<string>Info.plist</string>
				<key>INFOPLIST_KEY_CFBundleDisplayName</key>
				<string>GobbyAnnotate</string>
				<key>INFOPLIST_KEY_UIApplicationSceneManifest_Generation</key>
				<string>YES</string>
				<key>INFOPLIST_KEY_UIApplicationSupportsIndirectInputEvents</key>
				<string>YES</string>
				<key>INFOPLIST_KEY_UISupportedInterfaceOrientations</key>
				<string>UIInterfaceOrientationPortrait UIInterfaceOrientationLandscapeLeft UIInterfaceOrientationLandscapeRight</string>
				<key>INFOPLIST_KEY_UISupportedInterfaceOrientations_iPad</key>
				<string>UIInterfaceOrientationPortrait UIInterfaceOrientationPortraitUpsideDown UIInterfaceOrientationLandscapeLeft UIInterfaceOrientationLandscapeRight</string>
				<key>IPHONEOS_DEPLOYMENT_TARGET</key>
				<string>17.0</string>
				<key>LD_RUNPATH_SEARCH_PATHS</key>
				<array>
					<string>$(inherited)</string>
					<string>@executable_path/Frameworks</string>
				</array>
				<key>MACOSX_DEPLOYMENT_TARGET</key>
				<string>14.0</string>
				<key>MARKETING_VERSION</key>
				<string>1.0</string>
				<key>OTHER_LDFLAGS</key>
				<array>
					<string>-framework</string>
					<string>SafariServices</string>
					<string>-framework</string>
					<string>WebKit</string>
				</array>
				<key>PRODUCT_BUNDLE_IDENTIFIER</key>
				<string>ai.gobby.annotate</string>
				<key>PRODUCT_NAME</key>
				<string>GobbyAnnotate</string>
				<key>SDKROOT</key>
				<string>iphoneos</string>
				<key>STRING_CATALOG_GENERATE_SYMBOLS</key>
				<string>YES</string>
				<key>SUPPORTED_PLATFORMS</key>
				<string>iphoneos iphonesimulator</string>
				<key>SWIFT_APPROACHABLE_CONCURRENCY</key>
				<string>YES</string>
				<key>SWIFT_DEFAULT_ACTOR_ISOLATION</key>
				<string>MainActor</string>
				<key>SWIFT_EMIT_LOC_STRINGS</key>
				<string>YES</string>
				<key>SWIFT_UPCOMING_FEATURE_MEMBER_IMPORT_VISIBILITY</key>
				<string>YES</string>
				<key>SWIFT_VERSION</key>
				<string>5.0</string>
				<key>TARGETED_DEVICE_FAMILY</key>
				<string>1,2</string>
				<key>VALIDATE_PRODUCT</key>
				<string>YES</string>
			</dict>
			<key>isa</key>
			<string>XCBuildConfiguration</string>
			<key>name</key>
			<string>Release</string>
		</dict>
		<key>0381B62D3054E7B300E7B608</key>
		<dict>
			<key>buildConfigurations</key>
			<array>
				<string>0381B62E3054E7B300E7B608</string>
				<string>0381B62F3054E7B300E7B608</string>
			</array>
			<key>defaultConfigurationIsVisible</key>
			<string>0</string>
			<key>defaultConfigurationName</key>
			<string>Release</string>
			<key>isa</key>
			<string>XCConfigurationList</string>
		</dict>
		<key>0381B62E3054E7B300E7B608</key>
		<dict>
			<key>buildSettings</key>
			<dict>
				<key>CODE_SIGN_ENTITLEMENTS</key>
				<string>GobbyAnnotate.entitlements</string>
				<key>CODE_SIGN_STYLE</key>
				<string>Automatic</string>
				<key>CURRENT_PROJECT_VERSION</key>
				<string>1</string>
				<key>ENABLE_APP_SANDBOX</key>
				<string>YES</string>
				<key>ENABLE_HARDENED_RUNTIME</key>
				<string>YES</string>
				<key>ENABLE_USER_SELECTED_FILES</key>
				<string>readonly</string>
				<key>GENERATE_INFOPLIST_FILE</key>
				<string>YES</string>
				<key>INFOPLIST_FILE</key>
				<string>macOS (Extension)/Info.plist</string>
				<key>INFOPLIST_KEY_CFBundleDisplayName</key>
				<string>GobbyAnnotate Extension</string>
				<key>INFOPLIST_KEY_NSHumanReadableCopyright</key>
				<string></string>
				<key>IPHONEOS_DEPLOYMENT_TARGET</key>
				<string>17.0</string>
				<key>LD_RUNPATH_SEARCH_PATHS</key>
				<array>
					<string>$(inherited)</string>
					<string>@executable_path/../Frameworks</string>
					<string>@executable_path/../../../../Frameworks</string>
				</array>
				<key>MACOSX_DEPLOYMENT_TARGET</key>
				<string>14.0</string>
				<key>MARKETING_VERSION</key>
				<string>1.0</string>
				<key>OTHER_LDFLAGS</key>
				<array>
					<string>-framework</string>
					<string>SafariServices</string>
				</array>
				<key>PRODUCT_BUNDLE_IDENTIFIER</key>
				<string>ai.gobby.annotate.Extension</string>
				<key>PRODUCT_NAME</key>
				<string>GobbyAnnotate Extension</string>
				<key>SDKROOT</key>
				<string>macosx</string>
				<key>SKIP_INSTALL</key>
				<string>YES</string>
				<key>STRING_CATALOG_GENERATE_SYMBOLS</key>
				<string>YES</string>
				<key>SUPPORTED_PLATFORMS</key>
				<string>macosx</string>
				<key>SWIFT_APPROACHABLE_CONCURRENCY</key>
				<string>YES</string>
				<key>SWIFT_EMIT_LOC_STRINGS</key>
				<string>YES</string>
				<key>SWIFT_UPCOMING_FEATURE_MEMBER_IMPORT_VISIBILITY</key>
				<string>YES</string>
				<key>SWIFT_VERSION</key>
				<string>5.0</string>
			</dict>
			<key>isa</key>
			<string>XCBuildConfiguration</string>
			<key>name</key>
			<string>Debug</string>
		</dict>
		<key>0381B62F3054E7B300E7B608</key>
		<dict>
			<key>buildSettings</key>
			<dict>
				<key>CODE_SIGN_ENTITLEMENTS</key>
				<string>GobbyAnnotate.entitlements</string>
				<key>CODE_SIGN_STYLE</key>
				<string>Automatic</string>
				<key>CURRENT_PROJECT_VERSION</key>
				<string>1</string>
				<key>ENABLE_APP_SANDBOX</key>
				<string>YES</string>
				<key>ENABLE_HARDENED_RUNTIME</key>
				<string>YES</string>
				<key>ENABLE_USER_SELECTED_FILES</key>
				<string>readonly</string>
				<key>GENERATE_INFOPLIST_FILE</key>
				<string>YES</string>
				<key>INFOPLIST_FILE</key>
				<string>macOS (Extension)/Info.plist</string>
				<key>INFOPLIST_KEY_CFBundleDisplayName</key>
				<string>GobbyAnnotate Extension</string>
				<key>INFOPLIST_KEY_NSHumanReadableCopyright</key>
				<string></string>
				<key>IPHONEOS_DEPLOYMENT_TARGET</key>
				<string>17.0</string>
				<key>LD_RUNPATH_SEARCH_PATHS</key>
				<array>
					<string>$(inherited)</string>
					<string>@executable_path/../Frameworks</string>
					<string>@executable_path/../../../../Frameworks</string>
				</array>
				<key>MACOSX_DEPLOYMENT_TARGET</key>
				<string>14.0</string>
				<key>MARKETING_VERSION</key>
				<string>1.0</string>
				<key>OTHER_LDFLAGS</key>
				<array>
					<string>-framework</string>
					<string>SafariServices</string>
				</array>
				<key>PRODUCT_BUNDLE_IDENTIFIER</key>
				<string>ai.gobby.annotate.Extension</string>
				<key>PRODUCT_NAME</key>
				<string>GobbyAnnotate Extension</string>
				<key>SDKROOT</key>
				<string>macosx</string>
				<key>SKIP_INSTALL</key>
				<string>YES</string>
				<key>STRING_CATALOG_GENERATE_SYMBOLS</key>
				<string>YES</string>
				<key>SUPPORTED_PLATFORMS</key>
				<string>macosx</string>
				<key>SWIFT_APPROACHABLE_CONCURRENCY</key>
				<string>YES</string>
				<key>SWIFT_EMIT_LOC_STRINGS</key>
				<string>YES</string>
				<key>SWIFT_UPCOMING_FEATURE_MEMBER_IMPORT_VISIBILITY</key>
				<string>YES</string>
				<key>SWIFT_VERSION</key>
				<string>5.0</string>
			</dict>
			<key>isa</key>
			<string>XCBuildConfiguration</string>
			<key>name</key>
			<string>Release</string>
		</dict>
		<key>0381B6303054E7B300E7B608</key>
		<dict>
			<key>buildActionMask</key>
			<string>2147483647</string>
			<key>dstPath</key>
			<string></string>
			<key>dstSubfolderSpec</key>
			<string>13</string>
			<key>files</key>
			<array>
				<string>0381B6113054E7B300E7B608</string>
			</array>
			<key>isa</key>
			<string>PBXCopyFilesBuildPhase</string>
			<key>name</key>
			<string>Embed Foundation Extensions</string>
			<key>runOnlyForDeploymentPostprocessing</key>
			<string>0</string>
		</dict>
		<key>0381B6313054E7B300E7B608</key>
		<dict>
			<key>buildConfigurations</key>
			<array>
				<string>0381B6323054E7B300E7B608</string>
				<string>0381B6333054E7B300E7B608</string>
			</array>
			<key>defaultConfigurationIsVisible</key>
			<string>0</string>
			<key>defaultConfigurationName</key>
			<string>Release</string>
			<key>isa</key>
			<string>XCConfigurationList</string>
		</dict>
		<key>0381B6323054E7B300E7B608</key>
		<dict>
			<key>buildSettings</key>
			<dict>
				<key>ASSETCATALOG_COMPILER_APPICON_NAME</key>
				<string>AppIcon</string>
				<key>ASSETCATALOG_COMPILER_GLOBAL_ACCENT_COLOR_NAME</key>
				<string>AccentColor</string>
				<key>CODE_SIGN_ENTITLEMENTS</key>
				<string>GobbyAnnotate.entitlements</string>
				<key>CODE_SIGN_STYLE</key>
				<string>Automatic</string>
				<key>CURRENT_PROJECT_VERSION</key>
				<string>1</string>
				<key>ENABLE_APP_SANDBOX</key>
				<string>YES</string>
				<key>ENABLE_HARDENED_RUNTIME</key>
				<string>YES</string>
				<key>ENABLE_OUTGOING_NETWORK_CONNECTIONS</key>
				<string>YES</string>
				<key>ENABLE_USER_SELECTED_FILES</key>
				<string>readonly</string>
				<key>GENERATE_INFOPLIST_FILE</key>
				<string>YES</string>
				<key>INFOPLIST_FILE</key>
				<string>Info.plist</string>
				<key>INFOPLIST_KEY_CFBundleDisplayName</key>
				<string>GobbyAnnotate</string>
				<key>INFOPLIST_KEY_NSPrincipalClass</key>
				<string>NSApplication</string>
				<key>INFOPLIST_KEY_UIApplicationSceneManifest_Generation</key>
				<string>YES</string>
				<key>IPHONEOS_DEPLOYMENT_TARGET</key>
				<string>17.0</string>
				<key>LD_RUNPATH_SEARCH_PATHS</key>
				<array>
					<string>$(inherited)</string>
					<string>@executable_path/../Frameworks</string>
				</array>
				<key>MACOSX_DEPLOYMENT_TARGET</key>
				<string>14.0</string>
				<key>MARKETING_VERSION</key>
				<string>1.0</string>
				<key>OTHER_LDFLAGS</key>
				<array>
					<string>-framework</string>
					<string>SafariServices</string>
					<string>-framework</string>
					<string>WebKit</string>
				</array>
				<key>PRODUCT_BUNDLE_IDENTIFIER</key>
				<string>ai.gobby.annotate</string>
				<key>PRODUCT_NAME</key>
				<string>GobbyAnnotate</string>
				<key>REGISTER_APP_GROUPS</key>
				<string>YES</string>
				<key>SDKROOT</key>
				<string>macosx</string>
				<key>STRING_CATALOG_GENERATE_SYMBOLS</key>
				<string>YES</string>
				<key>SUPPORTED_PLATFORMS</key>
				<string>macosx</string>
				<key>SWIFT_APPROACHABLE_CONCURRENCY</key>
				<string>YES</string>
				<key>SWIFT_DEFAULT_ACTOR_ISOLATION</key>
				<string>MainActor</string>
				<key>SWIFT_EMIT_LOC_STRINGS</key>
				<string>YES</string>
				<key>SWIFT_UPCOMING_FEATURE_MEMBER_IMPORT_VISIBILITY</key>
				<string>YES</string>
				<key>SWIFT_VERSION</key>
				<string>5.0</string>
			</dict>
			<key>isa</key>
			<string>XCBuildConfiguration</string>
			<key>name</key>
			<string>Debug</string>
		</dict>
		<key>0381B6333054E7B300E7B608</key>
		<dict>
			<key>buildSettings</key>
			<dict>
				<key>ASSETCATALOG_COMPILER_APPICON_NAME</key>
				<string>AppIcon</string>
				<key>ASSETCATALOG_COMPILER_GLOBAL_ACCENT_COLOR_NAME</key>
				<string>AccentColor</string>
				<key>CODE_SIGN_ENTITLEMENTS</key>
				<string>GobbyAnnotate.entitlements</string>
				<key>CODE_SIGN_STYLE</key>
				<string>Automatic</string>
				<key>CURRENT_PROJECT_VERSION</key>
				<string>1</string>
				<key>ENABLE_APP_SANDBOX</key>
				<string>YES</string>
				<key>ENABLE_HARDENED_RUNTIME</key>
				<string>YES</string>
				<key>ENABLE_OUTGOING_NETWORK_CONNECTIONS</key>
				<string>YES</string>
				<key>ENABLE_USER_SELECTED_FILES</key>
				<string>readonly</string>
				<key>GENERATE_INFOPLIST_FILE</key>
				<string>YES</string>
				<key>INFOPLIST_FILE</key>
				<string>Info.plist</string>
				<key>INFOPLIST_KEY_CFBundleDisplayName</key>
				<string>GobbyAnnotate</string>
				<key>INFOPLIST_KEY_NSPrincipalClass</key>
				<string>NSApplication</string>
				<key>INFOPLIST_KEY_UIApplicationSceneManifest_Generation</key>
				<string>YES</string>
				<key>IPHONEOS_DEPLOYMENT_TARGET</key>
				<string>17.0</string>
				<key>LD_RUNPATH_SEARCH_PATHS</key>
				<array>
					<string>$(inherited)</string>
					<string>@executable_path/../Frameworks</string>
				</array>
				<key>MACOSX_DEPLOYMENT_TARGET</key>
				<string>14.0</string>
				<key>MARKETING_VERSION</key>
				<string>1.0</string>
				<key>OTHER_LDFLAGS</key>
				<array>
					<string>-framework</string>
					<string>SafariServices</string>
					<string>-framework</string>
					<string>WebKit</string>
				</array>
				<key>PRODUCT_BUNDLE_IDENTIFIER</key>
				<string>ai.gobby.annotate</string>
				<key>PRODUCT_NAME</key>
				<string>GobbyAnnotate</string>
				<key>REGISTER_APP_GROUPS</key>
				<string>YES</string>
				<key>SDKROOT</key>
				<string>macosx</string>
				<key>STRING_CATALOG_GENERATE_SYMBOLS</key>
				<string>YES</string>
				<key>SUPPORTED_PLATFORMS</key>
				<string>macosx</string>
				<key>SWIFT_APPROACHABLE_CONCURRENCY</key>
				<string>YES</string>
				<key>SWIFT_DEFAULT_ACTOR_ISOLATION</key>
				<string>MainActor</string>
				<key>SWIFT_EMIT_LOC_STRINGS</key>
				<string>YES</string>
				<key>SWIFT_UPCOMING_FEATURE_MEMBER_IMPORT_VISIBILITY</key>
				<string>YES</string>
				<key>SWIFT_VERSION</key>
				<string>5.0</string>
			</dict>
			<key>isa</key>
			<string>XCBuildConfiguration</string>
			<key>name</key>
			<string>Release</string>
		</dict>
		<key>0381B6343054E7B300E7B608</key>
		<dict>
			<key>children</key>
			<array>
				<string>0381B6353054E7B300E7B608</string>
				<string>0381B6363054E7B300E7B608</string>
				<string>0381B6373054E7B300E7B608</string>
				<string>0381B6383054E7B300E7B608</string>
				<string>0381B6393054E7B300E7B608</string>
				<string>0381B63A3054E7B300E7B608</string>
				<string>2CCD0BD80BC23F0F2256E38D</string>
			</array>
			<key>isa</key>
			<string>PBXGroup</string>
			<key>name</key>
			<string>Resources</string>
			<key>sourceTree</key>
			<string>SOURCE_ROOT</string>
		</dict>
		<key>0381B6353054E7B300E7B608</key>
		<dict>
			<key>isa</key>
			<string>PBXFileReference</string>
			<key>lastKnownFileType</key>
			<string>text</string>
			<key>name</key>
			<string>LICENSE</string>
			<key>path</key>
			<string>../packages/extension/dist/safari/LICENSE</string>
			<key>sourceTree</key>
			<string>SOURCE_ROOT</string>
		</dict>
		<key>0381B6363054E7B300E7B608</key>
		<dict>
			<key>isa</key>
			<string>PBXFileReference</string>
			<key>lastKnownFileType</key>
			<string>sourcecode.javascript</string>
			<key>name</key>
			<string>background.js</string>
			<key>path</key>
			<string>../packages/extension/dist/safari/background.js</string>
			<key>sourceTree</key>
			<string>SOURCE_ROOT</string>
		</dict>
		<key>0381B6373054E7B300E7B608</key>
		<dict>
			<key>isa</key>
			<string>PBXFileReference</string>
			<key>lastKnownFileType</key>
			<string>image.png</string>
			<key>name</key>
			<string>logo.png</string>
			<key>path</key>
			<string>../packages/extension/dist/safari/logo.png</string>
			<key>sourceTree</key>
			<string>SOURCE_ROOT</string>
		</dict>
		<key>0381B6383054E7B300E7B608</key>
		<dict>
			<key>isa</key>
			<string>PBXFileReference</string>
			<key>lastKnownFileType</key>
			<string>text.json</string>
			<key>name</key>
			<string>manifest.json</string>
			<key>path</key>
			<string>../packages/extension/dist/safari/manifest.json</string>
			<key>sourceTree</key>
			<string>SOURCE_ROOT</string>
		</dict>
		<key>0381B6393054E7B300E7B608</key>
		<dict>
			<key>isa</key>
			<string>PBXFileReference</string>
			<key>lastKnownFileType</key>
			<string>sourcecode.javascript</string>
			<key>name</key>
			<string>content.js</string>
			<key>path</key>
			<string>../packages/extension/dist/safari/content.js</string>
			<key>sourceTree</key>
			<string>SOURCE_ROOT</string>
		</dict>
		<key>0381B63A3054E7B300E7B608</key>
		<dict>
			<key>isa</key>
			<string>PBXFileReference</string>
			<key>lastKnownFileType</key>
			<string>image.png</string>
			<key>name</key>
			<string>logo-light.png</string>
			<key>path</key>
			<string>../packages/extension/dist/safari/logo-light.png</string>
			<key>sourceTree</key>
			<string>SOURCE_ROOT</string>
		</dict>
		<key>0381B63B3054E7B300E7B608</key>
		<dict>
			<key>fileRef</key>
			<string>0381B6353054E7B300E7B608</string>
			<key>isa</key>
			<string>PBXBuildFile</string>
		</dict>
		<key>0381B63C3054E7B300E7B608</key>
		<dict>
			<key>fileRef</key>
			<string>0381B6363054E7B300E7B608</string>
			<key>isa</key>
			<string>PBXBuildFile</string>
		</dict>
		<key>0381B63D3054E7B300E7B608</key>
		<dict>
			<key>fileRef</key>
			<string>0381B6373054E7B300E7B608</string>
			<key>isa</key>
			<string>PBXBuildFile</string>
		</dict>
		<key>0381B63E3054E7B300E7B608</key>
		<dict>
			<key>fileRef</key>
			<string>0381B6383054E7B300E7B608</string>
			<key>isa</key>
			<string>PBXBuildFile</string>
		</dict>
		<key>0381B63F3054E7B300E7B608</key>
		<dict>
			<key>fileRef</key>
			<string>0381B6393054E7B300E7B608</string>
			<key>isa</key>
			<string>PBXBuildFile</string>
		</dict>
		<key>0381B6403054E7B300E7B608</key>
		<dict>
			<key>fileRef</key>
			<string>0381B63A3054E7B300E7B608</string>
			<key>isa</key>
			<string>PBXBuildFile</string>
		</dict>
		<key>0381B6413054E7B300E7B608</key>
		<dict>
			<key>fileRef</key>
			<string>0381B6353054E7B300E7B608</string>
			<key>isa</key>
			<string>PBXBuildFile</string>
		</dict>
		<key>0381B6423054E7B300E7B608</key>
		<dict>
			<key>fileRef</key>
			<string>0381B6363054E7B300E7B608</string>
			<key>isa</key>
			<string>PBXBuildFile</string>
		</dict>
		<key>0381B6433054E7B300E7B608</key>
		<dict>
			<key>fileRef</key>
			<string>0381B6373054E7B300E7B608</string>
			<key>isa</key>
			<string>PBXBuildFile</string>
		</dict>
		<key>0381B6443054E7B300E7B608</key>
		<dict>
			<key>fileRef</key>
			<string>0381B6383054E7B300E7B608</string>
			<key>isa</key>
			<string>PBXBuildFile</string>
		</dict>
		<key>0381B6453054E7B300E7B608</key>
		<dict>
			<key>fileRef</key>
			<string>0381B6393054E7B300E7B608</string>
			<key>isa</key>
			<string>PBXBuildFile</string>
		</dict>
		<key>0381B6463054E7B300E7B608</key>
		<dict>
			<key>fileRef</key>
			<string>0381B63A3054E7B300E7B608</string>
			<key>isa</key>
			<string>PBXBuildFile</string>
		</dict>
		<key>23D8B9BF79888657C364E915</key>
		<dict>
			<key>fileRef</key>
			<string>95392E63681EAB9790C9D80F</string>
			<key>isa</key>
			<string>PBXBuildFile</string>
		</dict>
		<key>2CCD0BD80BC23F0F2256E38D</key>
		<dict>
			<key>isa</key>
			<string>PBXFileReference</string>
			<key>lastKnownFileType</key>
			<string>text</string>
			<key>name</key>
			<string>THIRD_PARTY_NOTICES.txt</string>
			<key>path</key>
			<string>../packages/extension/dist/safari/THIRD_PARTY_NOTICES.txt</string>
			<key>sourceTree</key>
			<string>SOURCE_ROOT</string>
		</dict>
		<key>349065582E7B8A9CA4176287</key>
		<dict>
			<key>fileRef</key>
			<string>B70EF8F287B988A45022836E</string>
			<key>isa</key>
			<string>PBXBuildFile</string>
		</dict>
		<key>3B389BBFF61E4A6090337331</key>
		<dict>
			<key>fileRef</key>
			<string>8FF389B75581511991FEBFED</string>
			<key>isa</key>
			<string>PBXBuildFile</string>
		</dict>
		<key>45FF545EA630E306E41F44BC</key>
		<dict>
			<key>fileRef</key>
			<string>2CCD0BD80BC23F0F2256E38D</string>
			<key>isa</key>
			<string>PBXBuildFile</string>
		</dict>
		<key>55281DF827C070F9F5173B95</key>
		<dict>
			<key>isa</key>
			<string>PBXFileReference</string>
			<key>lastKnownFileType</key>
			<string>sourcecode.swift</string>
			<key>path</key>
			<string>ExportView.swift</string>
			<key>sourceTree</key>
			<string>SOURCE_ROOT</string>
		</dict>
		<key>8A2BE195A6657C4FC02532B5</key>
		<dict>
			<key>fileRef</key>
			<string>55281DF827C070F9F5173B95</string>
			<key>isa</key>
			<string>PBXBuildFile</string>
		</dict>
		<key>8C3931E92BBC2E800D5F6E4E</key>
		<dict>
			<key>fileRef</key>
			<string>8FF389B75581511991FEBFED</string>
			<key>isa</key>
			<string>PBXBuildFile</string>
		</dict>
		<key>8FF389B75581511991FEBFED</key>
		<dict>
			<key>isa</key>
			<string>PBXFileReference</string>
			<key>lastKnownFileType</key>
			<string>sourcecode.swift</string>
			<key>path</key>
			<string>ExportStore.swift</string>
			<key>sourceTree</key>
			<string>SOURCE_ROOT</string>
		</dict>
		<key>95392E63681EAB9790C9D80F</key>
		<dict>
			<key>isa</key>
			<string>PBXFileReference</string>
			<key>lastKnownFileType</key>
			<string>sourcecode.swift</string>
			<key>path</key>
			<string>SafariWebExtensionHandler.swift</string>
			<key>sourceTree</key>
			<string>SOURCE_ROOT</string>
		</dict>
		<key>AFD0BA11C3029A26BDEE9D0D</key>
		<dict>
			<key>fileRef</key>
			<string>55281DF827C070F9F5173B95</string>
			<key>isa</key>
			<string>PBXBuildFile</string>
		</dict>
		<key>B0D31CFAF1103F1E764DE0F3</key>
		<dict>
			<key>fileRef</key>
			<string>2CCD0BD80BC23F0F2256E38D</string>
			<key>isa</key>
			<string>PBXBuildFile</string>
		</dict>
		<key>B70EF8F287B988A45022836E</key>
		<dict>
			<key>isa</key>
			<string>PBXFileReference</string>
			<key>lastKnownFileType</key>
			<string>sourcecode.swift</string>
			<key>path</key>
			<string>App.swift</string>
			<key>sourceTree</key>
			<string>SOURCE_ROOT</string>
		</dict>
		<key>D297A19D6DC8DBE5B94CC513</key>
		<dict>
			<key>fileRef</key>
			<string>8FF389B75581511991FEBFED</string>
			<key>isa</key>
			<string>PBXBuildFile</string>
		</dict>
		<key>EAC7AF4D82233576B9F74D02</key>
		<dict>
			<key>fileRef</key>
			<string>95392E63681EAB9790C9D80F</string>
			<key>isa</key>
			<string>PBXBuildFile</string>
		</dict>
		<key>EB442A77C4CF4D0A748395C4</key>
		<dict>
			<key>fileRef</key>
			<string>8FF389B75581511991FEBFED</string>
			<key>isa</key>
			<string>PBXBuildFile</string>
		</dict>
		<key>ED7A300310BA962F71DA4C55</key>
		<dict>
			<key>fileRef</key>
			<string>B70EF8F287B988A45022836E</string>
			<key>isa</key>
			<string>PBXBuildFile</string>
		</dict>
	</dict>
	<key>rootObject</key>
	<string>0381B5D53054E7B300E7B608</string>
</dict>
</plist>
